
Microsoft Visual Studio Solution File, Format Version 12.00
# Visual Studio Version 16
VisualStudioVersion = 16.0.31005.135
MinimumVisualStudioVersion = 10.0.40219.1
Project("{8BC9CEB8-8B4A-11D0-8D11-00A0C91BC942}") = "dllExample05B", "dllExample05B\dllExample05B.vcxproj", "{34408047-FC15-47E3-ADBE-619B67FBBD16}"
EndProject
Global
	GlobalSection(SolutionConfigurationPlatforms) = preSolution
		Debug|x64 = Debug|x64
		Debug|x86 = Debug|x86
		Release|x64 = Release|x64
		Release|x86 = Release|x86
	EndGlobalSection
	GlobalSection(ProjectConfigurationPlatforms) = postSolution
		{34408047-FC15-47E3-ADBE-619B67FBBD16}.Debug|x64.ActiveCfg = Debug|x64
		{34408047-FC15-47E3-ADBE-619B67FBBD16}.Debug|x64.Build.0 = Debug|x64
		{34408047-FC15-47E3-ADBE-619B67FBBD16}.Debug|x86.ActiveCfg = Debug|Win32
		{34408047-FC15-47E3-ADBE-619B67FBBD16}.Debug|x86.Build.0 = Debug|Win32
		{34408047-FC15-47E3-ADBE-619B67FBBD16}.Release|x64.ActiveCfg = Release|x64
		{34408047-FC15-47E3-ADBE-619B67FBBD16}.Release|x64.Build.0 = Release|x64
		{34408047-FC15-47E3-ADBE-619B67FBBD16}.Release|x86.ActiveCfg = Release|Win32
		{34408047-FC15-47E3-ADBE-619B67FBBD16}.Release|x86.Build.0 = Release|Win32
	EndGlobalSection
	GlobalSection(SolutionProperties) = preSolution
		HideSolutionNode = FALSE
	EndGlobalSection
	GlobalSection(ExtensibilityGlobals) = postSolution
		SolutionGuid = {6A6AA21D-669F-40A8-85AF-CDA282DF511A}
	EndGlobalSection
EndGlobal
